
Microsoft Visual Studio Solution File, Format Version 12.00
# Visual Studio 15
VisualStudioVersion = 15.0.28010.2016
MinimumVisualStudioVersion = 10.0.40219.1
Project("{FAE04EC0-301F-11D3-BF4B-00C04F79EFBC}") = "MyShop.WebUI", "MyShop.WebUI\MyShop.WebUI.csproj", "{534EE84C-B9C1-4A02-98E8-3A4D3F5A6B95}"
EndProject
Project("{FAE04EC0-301F-11D3-BF4B-00C04F79EFBC}") = "MyShop.WebUI.Tests", "MyShop.WebUI.Tests\MyShop.WebUI.Tests.csproj", "{9E870856-73EF-4ED4-942C-AFA76565FA60}"
EndProject
Project("{FAE04EC0-301F-11D3-BF4B-00C04F79EFBC}") = "MyShop.Core", "MyShop.Core\MyShop.Core.csproj", "{51E44480-1D6A-4CBB-8EF3-E7214A5ACEE7}"
EndProject
Project("{FAE04EC0-301F-11D3-BF4B-00C04F79EFBC}") = "MyShop.DataAccess.inMemory", "MyShop.DataAccess.inMemory\MyShop.DataAccess.inMemory.csproj", "{496F1E2D-9031-4C37-8D25-A6DFEFDB7C23}"
EndProject
Project("{FAE04EC0-301F-11D3-BF4B-00C04F79EFBC}") = "MyShop.Services", "MyShop.Services\MyShop.Services.csproj", "{3DE0F78D-0FE6-4F0E-B6E8-0608D05D6E92}"
EndProject
Project("{FAE04EC0-301F-11D3-BF4B-00C04F79EFBC}") = "MyShop.DataAccess.SQL", "MyShop.DataAccess.SQL\MyShop.DataAccess.SQL.csproj", "{B930E481-D767-4B91-9ACB-682F83BF962F}"
EndProject
Global
	GlobalSection(SolutionConfigurationPlatforms) = preSolution
		Debug|Any CPU = Debug|Any CPU
		Release|Any CPU = Release|Any CPU
	EndGlobalSection
	GlobalSection(ProjectConfigurationPlatforms) = postSolution
		{534EE84C-B9C1-4A02-98E8-3A4D3F5A6B95}.Debug|Any CPU.ActiveCfg = Debug|Any CPU
		{534EE84C-B9C1-4A02-98E8-3A4D3F5A6B95}.Debug|Any CPU.Build.0 = Debug|Any CPU
		{534EE84C-B9C1-4A02-98E8-3A4D3F5A6B95}.Release|Any CPU.ActiveCfg = Release|Any CPU
		{534EE84C-B9C1-4A02-98E8-3A4D3F5A6B95}.Release|Any CPU.Build.0 = Release|Any CPU
		{9E870856-73EF-4ED4-942C-AFA76565FA60}.Debug|Any CPU.ActiveCfg = Debug|Any CPU
		{9E870856-73EF-4ED4-942C-AFA76565FA60}.Debug|Any CPU.Build.0 = Debug|Any CPU
		{9E870856-73EF-4ED4-942C-AFA76565FA60}.Release|Any CPU.ActiveCfg = Release|Any CPU
		{9E870856-73EF-4ED4-942C-AFA76565FA60}.Release|Any CPU.Build.0 = Release|Any CPU
		{51E44480-1D6A-4CBB-8EF3-E7214A5ACEE7}.Debug|Any CPU.ActiveCfg = Debug|Any CPU
		{51E44480-1D6A-4CBB-8EF3-E7214A5ACEE7}.Debug|Any CPU.Build.0 = Debug|Any CPU
		{51E44480-1D6A-4CBB-8EF3-E7214A5ACEE7}.Release|Any CPU.ActiveCfg = Release|Any CPU
		{51E44480-1D6A-4CBB-8EF3-E7214A5ACEE7}.Release|Any CPU.Build.0 = Release|Any CPU
		{496F1E2D-9031-4C37-8D25-A6DFEFDB7C23}.Debug|Any CPU.ActiveCfg = Debug|Any CPU
		{496F1E2D-9031-4C37-8D25-A6DFEFDB7C23}.Debug|Any CPU.Build.0 = Debug|Any CPU
		{496F1E2D-9031-4C37-8D25-A6DFEFDB7C23}.Release|Any CPU.ActiveCfg = Release|Any CPU
		{496F1E2D-9031-4C37-8D25-A6DFEFDB7C23}.Release|Any CPU.Build.0 = Release|Any CPU
		{3DE0F78D-0FE6-4F0E-B6E8-0608D05D6E92}.Debug|Any CPU.ActiveCfg = Debug|Any CPU
		{3DE0F78D-0FE6-4F0E-B6E8-0608D05D6E92}.Debug|Any CPU.Build.0 = Debug|Any CPU
		{3DE0F78D-0FE6-4F0E-B6E8-0608D05D6E92}.Release|Any CPU.ActiveCfg = Release|Any CPU
		{3DE0F78D-0FE6-4F0E-B6E8-0608D05D6E92}.Release|Any CPU.Build.0 = Release|Any CPU
		{B930E481-D767-4B91-9ACB-682F83BF962F}.Debug|Any CPU.ActiveCfg = Debug|Any CPU
		{B930E481-D767-4B91-9ACB-682F83BF962F}.Debug|Any CPU.Build.0 = Debug|Any CPU
		{B930E481-D767-4B91-9ACB-682F83BF962F}.Release|Any CPU.ActiveCfg = Release|Any CPU
		{B930E481-D767-4B91-9ACB-682F83BF962F}.Release|Any CPU.Build.0 = Release|Any CPU
	EndGlobalSection
	GlobalSection(SolutionProperties) = preSolution
		HideSolutionNode = FALSE
	EndGlobalSection
	GlobalSection(ExtensibilityGlobals) = postSolution
		SolutionGuid = {37A97F7A-F167-46C9-8213-1E47456CBB89}
	EndGlobalSection
EndGlobal
