
Microsoft Visual Studio Solution File, Format Version 12.00
# Visual Studio 15
VisualStudioVersion = 15.0.28010.2016
MinimumVisualStudioVersion = 10.0.40219.1
Project("{FAE04EC0-301F-11D3-BF4B-00C04F79EFBC}") = "Overloadings", "Overloadings\Overloadings.csproj", "{8DFD9104-74E8-4A0C-9A35-D20633F24E74}"
EndProject
Project("{FAE04EC0-301F-11D3-BF4B-00C04F79EFBC}") = "Overloadings.Core", "Overloadings.Core2\Overloadings.Core.csproj", "{C134F7F3-E9D2-4BC0-B645-9DF2AEA09DC3}"
EndProject
Project("{FAE04EC0-301F-11D3-BF4B-00C04F79EFBC}") = "Overloadings.Data.InMemory", "Overloadings.Data.InMemory2\Overloadings.Data.InMemory.csproj", "{170B0D6F-4440-4260-A8E7-3CD70FCE984B}"
EndProject
Global
	GlobalSection(SolutionConfigurationPlatforms) = preSolution
		Debug|Any CPU = Debug|Any CPU
		Release|Any CPU = Release|Any CPU
	EndGlobalSection
	GlobalSection(ProjectConfigurationPlatforms) = postSolution
		{8DFD9104-74E8-4A0C-9A35-D20633F24E74}.Debug|Any CPU.ActiveCfg = Debug|Any CPU
		{8DFD9104-74E8-4A0C-9A35-D20633F24E74}.Debug|Any CPU.Build.0 = Debug|Any CPU
		{8DFD9104-74E8-4A0C-9A35-D20633F24E74}.Release|Any CPU.ActiveCfg = Release|Any CPU
		{8DFD9104-74E8-4A0C-9A35-D20633F24E74}.Release|Any CPU.Build.0 = Release|Any CPU
		{C134F7F3-E9D2-4BC0-B645-9DF2AEA09DC3}.Debug|Any CPU.ActiveCfg = Debug|Any CPU
		{C134F7F3-E9D2-4BC0-B645-9DF2AEA09DC3}.Debug|Any CPU.Build.0 = Debug|Any CPU
		{C134F7F3-E9D2-4BC0-B645-9DF2AEA09DC3}.Release|Any CPU.ActiveCfg = Release|Any CPU
		{C134F7F3-E9D2-4BC0-B645-9DF2AEA09DC3}.Release|Any CPU.Build.0 = Release|Any CPU
		{170B0D6F-4440-4260-A8E7-3CD70FCE984B}.Debug|Any CPU.ActiveCfg = Debug|Any CPU
		{170B0D6F-4440-4260-A8E7-3CD70FCE984B}.Debug|Any CPU.Build.0 = Debug|Any CPU
		{170B0D6F-4440-4260-A8E7-3CD70FCE984B}.Release|Any CPU.ActiveCfg = Release|Any CPU
		{170B0D6F-4440-4260-A8E7-3CD70FCE984B}.Release|Any CPU.Build.0 = Release|Any CPU
	EndGlobalSection
	GlobalSection(SolutionProperties) = preSolution
		HideSolutionNode = FALSE
	EndGlobalSection
	GlobalSection(ExtensibilityGlobals) = postSolution
		SolutionGuid = {54DBCB46-BA8B-4DAD-97A4-505F8FB10AE4}
	EndGlobalSection
EndGlobal
